
Microsoft Visual Studio Solution File, Format Version 12.00
# Visual Studio Version 17
VisualStudioVersion = 17.10.35027.167
MinimumVisualStudioVersion = 10.0.40219.1
Project("{FAE04EC0-301F-11D3-BF4B-00C04F79EFBC}") = "DERServer", "DERServer\DERServer.csproj", "{0B5DF51B-4C59-4F8E-873D-2A349DFA34E5}"
EndProject
Project("{FAE04EC0-301F-11D3-BF4B-00C04F79EFBC}") = "DERClient", "DERClient\DERClient.csproj", "{9788BCB4-621D-4F14-8A4D-07EB2555CA7A}"
EndProject
Project("{FAE04EC0-301F-11D3-BF4B-00C04F79EFBC}") = "UserClient", "UserClient\UserClient.csproj", "{15BB0940-75BC-441C-A84E-F99D860C5A54}"
EndProject
Project("{FAE04EC0-301F-11D3-BF4B-00C04F79EFBC}") = "Common", "..\..\..\Documents\GitHub\OIBIS\Project_3\Common\Common.csproj", "{85BF7CA8-8E9A-4F3A-A68D-0F1D98395902}"
EndProject
Global
	GlobalSection(SolutionConfigurationPlatforms) = preSolution
		Debug|Any CPU = Debug|Any CPU
		Release|Any CPU = Release|Any CPU
	EndGlobalSection
	GlobalSection(ProjectConfigurationPlatforms) = postSolution
		{0B5DF51B-4C59-4F8E-873D-2A349DFA34E5}.Debug|Any CPU.ActiveCfg = Debug|Any CPU
		{0B5DF51B-4C59-4F8E-873D-2A349DFA34E5}.Debug|Any CPU.Build.0 = Debug|Any CPU
		{0B5DF51B-4C59-4F8E-873D-2A349DFA34E5}.Release|Any CPU.ActiveCfg = Release|Any CPU
		{0B5DF51B-4C59-4F8E-873D-2A349DFA34E5}.Release|Any CPU.Build.0 = Release|Any CPU
		{9788BCB4-621D-4F14-8A4D-07EB2555CA7A}.Debug|Any CPU.ActiveCfg = Debug|Any CPU
		{9788BCB4-621D-4F14-8A4D-07EB2555CA7A}.Debug|Any CPU.Build.0 = Debug|Any CPU
		{9788BCB4-621D-4F14-8A4D-07EB2555CA7A}.Release|Any CPU.ActiveCfg = Release|Any CPU
		{9788BCB4-621D-4F14-8A4D-07EB2555CA7A}.Release|Any CPU.Build.0 = Release|Any CPU
		{15BB0940-75BC-441C-A84E-F99D860C5A54}.Debug|Any CPU.ActiveCfg = Debug|Any CPU
		{15BB0940-75BC-441C-A84E-F99D860C5A54}.Debug|Any CPU.Build.0 = Debug|Any CPU
		{15BB0940-75BC-441C-A84E-F99D860C5A54}.Release|Any CPU.ActiveCfg = Release|Any CPU
		{15BB0940-75BC-441C-A84E-F99D860C5A54}.Release|Any CPU.Build.0 = Release|Any CPU
		{85BF7CA8-8E9A-4F3A-A68D-0F1D98395902}.Debug|Any CPU.ActiveCfg = Debug|Any CPU
		{85BF7CA8-8E9A-4F3A-A68D-0F1D98395902}.Debug|Any CPU.Build.0 = Debug|Any CPU
		{85BF7CA8-8E9A-4F3A-A68D-0F1D98395902}.Release|Any CPU.ActiveCfg = Release|Any CPU
		{85BF7CA8-8E9A-4F3A-A68D-0F1D98395902}.Release|Any CPU.Build.0 = Release|Any CPU
	EndGlobalSection
	GlobalSection(SolutionProperties) = preSolution
		HideSolutionNode = FALSE
	EndGlobalSection
	GlobalSection(ExtensibilityGlobals) = postSolution
		SolutionGuid = {3F14BA9F-4CDF-4FBC-B04C-BB3FAA7E81A5}
	EndGlobalSection
EndGlobal
